// !$*UTF8*$!
{
	archiveVersion = 1;
	classes = {
	};
	objectVersion = 46;
	objects = {

/* Begin PBXBuildFile section */
		20F73A451E247E5000CEEBE3 /* main.m in Sources */ = {isa = PBXBuildFile; fileRef = 20F73A441E247E5000CEEBE3 /* main.m */; };
		20F73A481E247E5000CEEBE3 /* AppDelegate.m in Sources */ = {isa = PBXBuildFile; fileRef = 20F73A471E247E5000CEEBE3 /* AppDelegate.m */; };
		20F73A4B1E247E5000CEEBE3 /* ViewController.m in Sources */ = {isa = PBXBuildFile; fileRef = 20F73A4A1E247E5000CEEBE3 /* ViewController.m */; };
		20F73A4E1E247E5000CEEBE3 /* Main.storyboard in Resources */ = {isa = PBXBuildFile; fileRef = 20F73A4C1E247E5000CEEBE3 /* Main.storyboard */; };
		20F73A501E247E5000CEEBE3 /* Assets.xcassets in Resources */ = {isa = PBXBuildFile; fileRef = 20F73A4F1E247E5000CEEBE3 /* Assets.xcassets */; };
		20F73A531E247E5000CEEBE3 /* LaunchScreen.storyboard in Resources */ = {isa = PBXBuildFile; fileRef = 20F73A511E247E5000CEEBE3 /* LaunchScreen.storyboard */; };
		20F73A5E1E247E5000CEEBE3 /* __1_3Tests.m in Sources */ = {isa = PBXBuildFile; fileRef = 20F73A5D1E247E5000CEEBE3 /* __1_3Tests.m */; };
		20F73A691E247E5000CEEBE3 /* __1_3UITests.m in Sources */ = {isa = PBXBuildFile; fileRef = 20F73A681E247E5000CEEBE3 /* __1_3UITests.m */; };
		20F73A771E2492E000CEEBE3 /* compass.jpg in Resources */ = {isa = PBXBuildFile; fileRef = 20F73A761E2492E000CEEBE3 /* compass.jpg */; };
		20F73A791E2492EC00CEEBE3 /* Card.jpg in Resources */ = {isa = PBXBuildFile; fileRef = 20F73A781E2492EC00CEEBE3 /* Card.jpg */; };
		20F73A7D1E24976F00CEEBE3 /* compass2.png in Resources */ = {isa = PBXBuildFile; fileRef = 20F73A7A1E24976F00CEEBE3 /* compass2.png */; };
		20F73A7E1E24976F00CEEBE3 /* compass3.png in Resources */ = {isa = PBXBuildFile; fileRef = 20F73A7B1E24976F00CEEBE3 /* compass3.png */; };
		20F73A7F1E24976F00CEEBE3 /* compass4.png in Resources */ = {isa = PBXBuildFile; fileRef = 20F73A7C1E24976F00CEEBE3 /* compass4.png */; };
/* End PBXBuildFile section */

/* Begin PBXContainerItemProxy section */
		20F73A5A1E247E5000CEEBE3 /* PBXContainerItemProxy */ = {
			isa = PBXContainerItemProxy;
			containerPortal = 20F73A381E247E5000CEEBE3 /* Project object */;
			proxyType = 1;
			remoteGlobalIDString = 20F73A3F1E247E5000CEEBE3;
			remoteInfo = 2.1.3;
		};
		20F73A651E247E5000CEEBE3 /* PBXContainerItemProxy */ = {
			isa = PBXContainerItemProxy;
			containerPortal = 20F73A381E247E5000CEEBE3 /* Project object */;
			proxyType = 1;
			remoteGlobalIDString = 20F73A3F1E247E5000CEEBE3;
			remoteInfo = 2.1.3;
		};
/* End PBXContainerItemProxy section */

/* Begin PBXFileReference section */
		20F73A401E247E5000CEEBE3 /* 2.1.3.app */ = {isa = PBXFileReference; explicitFileType = wrapper.application; includeInIndex = 0; path = 2.1.3.app; sourceTree = BUILT_PRODUCTS_DIR; };
		20F73A441E247E5000CEEBE3 /* main.m */ = {isa = PBXFileReference; lastKnownFileType = sourcecode.c.objc; path = main.m; sourceTree = "<group>"; };
		20F73A461E247E5000CEEBE3 /* AppDelegate.h */ = {isa = PBXFileReference; lastKnownFileType = sourcecode.c.h; path = AppDelegate.h; sourceTree = "<group>"; };
		20F73A471E247E5000CEEBE3 /* AppDelegate.m */ = {isa = PBXFileReference; lastKnownFileType = sourcecode.c.objc; path = AppDelegate.m; sourceTree = "<group>"; };
		20F73A491E247E5000CEEBE3 /* ViewController.h */ = {isa = PBXFileReference; lastKnownFileType = sourcecode.c.h; path = ViewController.h; sourceTree = "<group>"; };
		20F73A4A1E247E5000CEEBE3 /* ViewController.m */ = {isa = PBXFileReference; lastKnownFileType = sourcecode.c.objc; path = ViewController.m; sourceTree = "<group>"; };
		20F73A4D1E247E5000CEEBE3 /* Base */ = {isa = PBXFileReference; lastKnownFileType = file.storyboard; name = Base; path = Base.lproj/Main.storyboard; sourceTree = "<group>"; };
		20F73A4F1E247E5000CEEBE3 /* Assets.xcassets */ = {isa = PBXFileReference; lastKnownFileType = folder.assetcatalog; path = Assets.xcassets; sourceTree = "<group>"; };
		20F73A521E247E5000CEEBE3 /* Base */ = {isa = PBXFileReference; lastKnownFileType = file.storyboard; name = Base; path = Base.lproj/LaunchScreen.storyboard; sourceTree = "<group>"; };
		20F73A541E247E5000CEEBE3 /* Info.plist */ = {isa = PBXFileReference; lastKnownFileType = text.plist.xml; path = Info.plist; sourceTree = "<group>"; };
		20F73A591E247E5000CEEBE3 /* 2.1.3Tests.xctest */ = {isa = PBXFileReference; explicitFileType = wrapper.cfbundle; includeInIndex = 0; path = 2.1.3Tests.xctest; sourceTree = BUILT_PRODUCTS_DIR; };
		20F73A5D1E247E5000CEEBE3 /* __1_3Tests.m */ = {isa = PBXFileReference; lastKnownFileType = sourcecode.c.objc; path = __1_3Tests.m; sourceTree = "<group>"; };
		20F73A5F1E247E5000CEEBE3 /* Info.plist */ = {isa = PBXFileReference; lastKnownFileType = text.plist.xml; path = Info.plist; sourceTree = "<group>"; };
		20F73A641E247E5000CEEBE3 /* 2.1.3UITests.xctest */ = {isa = PBXFileReference; explicitFileType = wrapper.cfbundle; includeInIndex = 0; path = 2.1.3UITests.xctest; sourceTree = BUILT_PRODUCTS_DIR; };
		20F73A681E247E5000CEEBE3 /* __1_3UITests.m */ = {isa = PBXFileReference; lastKnownFileType = sourcecode.c.objc; path = __1_3UITests.m; sourceTree = "<group>"; };
		20F73A6A1E247E5000CEEBE3 /* Info.plist */ = {isa = PBXFileReference; lastKnownFileType = text.plist.xml; path = Info.plist; sourceTree = "<group>"; };
		20F73A761E2492E000CEEBE3 /* compass.jpg */ = {isa = PBXFileReference; lastKnownFileType = image.jpeg; name = compass.jpg; path = ../../../../compass.jpg; sourceTree = "<group>"; };
		20F73A781E2492EC00CEEBE3 /* Card.jpg */ = {isa = PBXFileReference; lastKnownFileType = image.jpeg; name = Card.jpg; path = ../../../../Card.jpg; sourceTree = "<group>"; };
		20F73A7A1E24976F00CEEBE3 /* compass2.png */ = {isa = PBXFileReference; lastKnownFileType = image.png; name = compass2.png; path = ../../../../compass2.png; sourceTree = "<group>"; };
		20F73A7B1E24976F00CEEBE3 /* compass3.png */ = {isa = PBXFileReference; lastKnownFileType = image.png; name = compass3.png; path = ../../../../compass3.png; sourceTree = "<group>"; };
		20F73A7C1E24976F00CEEBE3 /* compass4.png */ = {isa = PBXFileReference; lastKnownFileType = image.png; name = compass4.png; path = ../../../../compass4.png; sourceTree = "<group>"; };
/* End PBXFileReference section */

/* Begin PBXFrameworksBuildPhase section */
		20F73A3D1E247E5000CEEBE3 /* Frameworks */ = {
			isa = PBXFrameworksBuildPhase;
			buildActionMask = 2147483647;
			files = (
			);
			runOnlyForDeploymentPostprocessing = 0;
		};
		20F73A561E247E5000CEEBE3 /* Frameworks */ = {
			isa = PBXFrameworksBuildPhase;
			buildActionMask = 2147483647;
			files = (
			);
			runOnlyForDeploymentPostprocessing = 0;
		};
		20F73A611E247E5000CEEBE3 /* Frameworks */ = {
			isa = PBXFrameworksBuildPhase;
			buildActionMask = 2147483647;
			files = (
			);
			runOnlyForDeploymentPostprocessing = 0;
		};
/* End PBXFrameworksBuildPhase section */

/* Begin PBXGroup section */
		20F73A371E247E5000CEEBE3 = {
			isa = PBXGroup;
			children = (
				20F73A421E247E5000CEEBE3 /* 2.1.3 */,
				20F73A5C1E247E5000CEEBE3 /* 2.1.3Tests */,
				20F73A671E247E5000CEEBE3 /* 2.1.3UITests */,
				20F73A411E247E5000CEEBE3 /* Products */,
				20F73A761E2492E000CEEBE3 /* compass.jpg */,
				20F73A781E2492EC00CEEBE3 /* Card.jpg */,
				20F73A7A1E24976F00CEEBE3 /* compass2.png */,
				20F73A7B1E24976F00CEEBE3 /* compass3.png */,
				20F73A7C1E24976F00CEEBE3 /* compass4.png */,
			);
			sourceTree = "<group>";
		};
		20F73A411E247E5000CEEBE3 /* Products */ = {
			isa = PBXGroup;
			children = (
				20F73A401E247E5000CEEBE3 /* 2.1.3.app */,
				20F73A591E247E5000CEEBE3 /* 2.1.3Tests.xctest */,
				20F73A641E247E5000CEEBE3 /* 2.1.3UITests.xctest */,
			);
			name = Products;
			sourceTree = "<group>";
		};
		20F73A421E247E5000CEEBE3 /* 2.1.3 */ = {
			isa = PBXGroup;
			children = (
				20F73A461E247E5000CEEBE3 /* AppDelegate.h */,
				20F73A471E247E5000CEEBE3 /* AppDelegate.m */,
				20F73A491E247E5000CEEBE3 /* ViewController.h */,
				20F73A4A1E247E5000CEEBE3 /* ViewController.m */,
				20F73A4C1E247E5000CEEBE3 /* Main.storyboard */,
				20F73A4F1E247E5000CEEBE3 /* Assets.xcassets */,
				20F73A511E247E5000CEEBE3 /* LaunchScreen.storyboard */,
				20F73A541E247E5000CEEBE3 /* Info.plist */,
				20F73A431E247E5000CEEBE3 /* Supporting Files */,
			);
			path = 2.1.3;
			sourceTree = "<group>";
		};
		20F73A431E247E5000CEEBE3 /* Supporting Files */ = {
			isa = PBXGroup;
			children = (
				20F73A441E247E5000CEEBE3 /* main.m */,
			);
			name = "Supporting Files";
			sourceTree = "<group>";
		};
		20F73A5C1E247E5000CEEBE3 /* 2.1.3Tests */ = {
			isa = PBXGroup;
			children = (
				20F73A5D1E247E5000CEEBE3 /* __1_3Tests.m */,
				20F73A5F1E247E5000CEEBE3 /* Info.plist */,
			);
			path = 2.1.3Tests;
			sourceTree = "<group>";
		};
		20F73A671E247E5000CEEBE3 /* 2.1.3UITests */ = {
			isa = PBXGroup;
			children = (
				20F73A681E247E5000CEEBE3 /* __1_3UITests.m */,
				20F73A6A1E247E5000CEEBE3 /* Info.plist */,
			);
			path = 2.1.3UITests;
			sourceTree = "<group>";
		};
/* End PBXGroup section */

/* Begin PBXNativeTarget section */
		20F73A3F1E247E5000CEEBE3 /* 2.1.3 */ = {
			isa = PBXNativeTarget;
			buildConfigurationList = 20F73A6D1E247E5000CEEBE3 /* Build configuration list for PBXNativeTarget "2.1.3" */;
			buildPhases = (
				20F73A3C1E247E5000CEEBE3 /* Sources */,
				20F73A3D1E247E5000CEEBE3 /* Frameworks */,
				20F73A3E1E247E5000CEEBE3 /* Resources */,
			);
			buildRules = (
			);
			dependencies = (
			);
			name = 2.1.3;
			productName = 2.1.3;
			productReference = 20F73A401E247E5000CEEBE3 /* 2.1.3.app */;
			productType = "com.apple.product-type.application";
		};
		20F73A581E247E5000CEEBE3 /* 2.1.3Tests */ = {
			isa = PBXNativeTarget;
			buildConfigurationList = 20F73A701E247E5000CEEBE3 /* Build configuration list for PBXNativeTarget "2.1.3Tests" */;
			buildPhases = (
				20F73A551E247E5000CEEBE3 /* Sources */,
				20F73A561E247E5000CEEBE3 /* Frameworks */,
				20F73A571E247E5000CEEBE3 /* Resources */,
			);
			buildRules = (
			);
			dependencies = (
				20F73A5B1E247E5000CEEBE3 /* PBXTargetDependency */,
			);
			name = 2.1.3Tests;
			productName = 2.1.3Tests;
			productReference = 20F73A591E247E5000CEEBE3 /* 2.1.3Tests.xctest */;
			productType = "com.apple.product-type.bundle.unit-test";
		};
		20F73A631E247E5000CEEBE3 /* 2.1.3UITests */ = {
			isa = PBXNativeTarget;
			buildConfigurationList = 20F73A731E247E5000CEEBE3 /* Build configuration list for PBXNativeTarget "2.1.3UITests" */;
			buildPhases = (
				20F73A601E247E5000CEEBE3 /* Sources */,
				20F73A611E247E5000CEEBE3 /* Frameworks */,
				20F73A621E247E5000CEEBE3 /* Resources */,
			);
			buildRules = (
			);
			dependencies = (
				20F73A661E247E5000CEEBE3 /* PBXTargetDependency */,
			);
			name = 2.1.3UITests;
			productName = 2.1.3UITests;
			productReference = 20F73A641E247E5000CEEBE3 /* 2.1.3UITests.xctest */;
			productType = "com.apple.product-type.bundle.ui-testing";
		};
/* End PBXNativeTarget section */

/* Begin PBXProject section */
		20F73A381E247E5000CEEBE3 /* Project object */ = {
			isa = PBXProject;
			attributes = {
				LastUpgradeCheck = 0730;
				ORGANIZATIONNAME = B012;
				TargetAttributes = {
					20F73A3F1E247E5000CEEBE3 = {
						CreatedOnToolsVersion = 7.3;
					};
					20F73A581E247E5000CEEBE3 = {
						CreatedOnToolsVersion = 7.3;
						TestTargetID = 20F73A3F1E247E5000CEEBE3;
					};
					20F73A631E247E5000CEEBE3 = {
						CreatedOnToolsVersion = 7.3;
						TestTargetID = 20F73A3F1E247E5000CEEBE3;
					};
				};
			};
			buildConfigurationList = 20F73A3B1E247E5000CEEBE3 /* Build configuration list for PBXProject "2.1.3" */;
			compatibilityVersion = "Xcode 3.2";
			developmentRegion = English;
			hasScannedForEncodings = 0;
			knownRegions = (
				en,
				Base,
			);
			mainGroup = 20F73A371E247E5000CEEBE3;
			productRefGroup = 20F73A411E247E5000CEEBE3 /* Products */;
			projectDirPath = "";
			projectRoot = "";
			targets = (
				20F73A3F1E247E5000CEEBE3 /* 2.1.3 */,
				20F73A581E247E5000CEEBE3 /* 2.1.3Tests */,
				20F73A631E247E5000CEEBE3 /* 2.1.3UITests */,
			);
		};
/* End PBXProject section */

/* Begin PBXResourcesBuildPhase section */
		20F73A3E1E247E5000CEEBE3 /* Resources */ = {
			isa = PBXResourcesBuildPhase;
			buildActionMask = 2147483647;
			files = (
				20F73A771E2492E000CEEBE3 /* compass.jpg in Resources */,
				20F73A7F1E24976F00CEEBE3 /* compass4.png in Resources */,
				20F73A7D1E24976F00CEEBE3 /* compass2.png in Resources */,
				20F73A7E1E24976F00CEEBE3 /* compass3.png in Resources */,
				20F73A531E247E5000CEEBE3 /* LaunchScreen.storyboard in Resources */,
				20F73A791E2492EC00CEEBE3 /* Card.jpg in Resources */,
				20F73A501E247E5000CEEBE3 /* Assets.xcassets in Resources */,
				20F73A4E1E247E5000CEEBE3 /* Main.storyboard in Resources */,
			);
			runOnlyForDeploymentPostprocessing = 0;
		};
		20F73A571E247E5000CEEBE3 /* Resources */ = {
			isa = PBXResourcesBuildPhase;
			buildActionMask = 2147483647;
			files = (
			);
			runOnlyForDeploymentPostprocessing = 0;
		};
		20F73A621E247E5000CEEBE3 /* Resources */ = {
			isa = PBXResourcesBuildPhase;
			buildActionMask = 2147483647;
			files = (
			);
			runOnlyForDeploymentPostprocessing = 0;
		};
/* End PBXResourcesBuildPhase section */

/* Begin PBXSourcesBuildPhase section */
		20F73A3C1E247E5000CEEBE3 /* Sources */ = {
			isa = PBXSourcesBuildPhase;
			buildActionMask = 2147483647;
			files = (
				20F73A4B1E247E5000CEEBE3 /* ViewController.m in Sources */,
				20F73A481E247E5000CEEBE3 /* AppDelegate.m in Sources */,
				20F73A451E247E5000CEEBE3 /* main.m in Sources */,
			);
			runOnlyForDeploymentPostprocessing = 0;
		};
		20F73A551E247E5000CEEBE3 /* Sources */ = {
			isa = PBXSourcesBuildPhase;
			buildActionMask = 2147483647;
			files = (
				20F73A5E1E247E5000CEEBE3 /* __1_3Tests.m in Sources */,
			);
			runOnlyForDeploymentPostprocessing = 0;
		};
		20F73A601E247E5000CEEBE3 /* Sources */ = {
			isa = PBXSourcesBuildPhase;
			buildActionMask = 2147483647;
			files = (
				20F73A691E247E5000CEEBE3 /* __1_3UITests.m in Sources */,
			);
			runOnlyForDeploymentPostprocessing = 0;
		};
/* End PBXSourcesBuildPhase section */

/* Begin PBXTargetDependency section */
		20F73A5B1E247E5000CEEBE3 /* PBXTargetDependency */ = {
			isa = PBXTargetDependency;
			target = 20F73A3F1E247E5000CEEBE3 /* 2.1.3 */;
			targetProxy = 20F73A5A1E247E5000CEEBE3 /* PBXContainerItemProxy */;
		};
		20F73A661E247E5000CEEBE3 /* PBXTargetDependency */ = {
			isa = PBXTargetDependency;
			target = 20F73A3F1E247E5000CEEBE3 /* 2.1.3 */;
			targetProxy = 20F73A651E247E5000CEEBE3 /* PBXContainerItemProxy */;
		};
/* End PBXTargetDependency section */

/* Begin PBXVariantGroup section */
		20F73A4C1E247E5000CEEBE3 /* Main.storyboard */ = {
			isa = PBXVariantGroup;
			children = (
				20F73A4D1E247E5000CEEBE3 /* Base */,
			);
			name = Main.storyboard;
			sourceTree = "<group>";
		};
		20F73A511E247E5000CEEBE3 /* LaunchScreen.storyboard */ = {
			isa = PBXVariantGroup;
			children = (
				20F73A521E247E5000CEEBE3 /* Base */,
			);
			name = LaunchScreen.storyboard;
			sourceTree = "<group>";
		};
/* End PBXVariantGroup section */

/* Begin XCBuildConfiguration section */
		20F73A6B1E247E5000CEEBE3 /* Debug */ = {
			isa = XCBuildConfiguration;
			buildSettings = {
				ALWAYS_SEARCH_USER_PATHS = NO;
				CLANG_ANALYZER_NONNULL = YES;
				CLANG_CXX_LANGUAGE_STANDARD = "gnu++0x";
				CLANG_CXX_LIBRARY = "libc++";
				CLANG_ENABLE_MODULES = YES;
				CLANG_ENABLE_OBJC_ARC = YES;
				CLANG_WARN_BOOL_CONVERSION = YES;
				CLANG_WARN_CONSTANT_CONVERSION = YES;
				CLANG_WARN_DIRECT_OBJC_ISA_USAGE = YES_ERROR;
				CLANG_WARN_EMPTY_BODY = YES;
				CLANG_WARN_ENUM_CONVERSION = YES;
				CLANG_WARN_INT_CONVERSION = YES;
				CLANG_WARN_OBJC_ROOT_CLASS = YES_ERROR;
				CLANG_WARN_UNREACHABLE_CODE = YES;
				CLANG_WARN__DUPLICATE_METHOD_MATCH = YES;
				"CODE_SIGN_IDENTITY[sdk=iphoneos*]" = "iPhone Developer";
				COPY_PHASE_STRIP = NO;
				DEBUG_INFORMATION_FORMAT = dwarf;
				ENABLE_STRICT_OBJC_MSGSEND = YES;
				ENABLE_TESTABILITY = YES;
				GCC_C_LANGUAGE_STANDARD = gnu99;
				GCC_DYNAMIC_NO_PIC = NO;
				GCC_NO_COMMON_BLOCKS = YES;
				GCC_OPTIMIZATION_LEVEL = 0;
				GCC_PREPROCESSOR_DEFINITIONS = (
					"DEBUG=1",
					"$(inherited)",
				);
				GCC_WARN_64_TO_32_BIT_CONVERSION = YES;
				GCC_WARN_ABOUT_RETURN_TYPE = YES_ERROR;
				GCC_WARN_UNDECLARED_SELECTOR = YES;
				GCC_WARN_UNINITIALIZED_AUTOS = YES_AGGRESSIVE;
				GCC_WARN_UNUSED_FUNCTION = YES;
				GCC_WARN_UNUSED_VARIABLE = YES;
				IPHONEOS_DEPLOYMENT_TARGET = 9.3;
				MTL_ENABLE_DEBUG_INFO = YES;
				ONLY_ACTIVE_ARCH = YES;
				SDKROOT = iphoneos;
				TARGETED_DEVICE_FAMILY = "1,2";
			};
			name = Debug;
		};
		20F73A6C1E247E5000CEEBE3 /* Release */ = {
			isa = XCBuildConfiguration;
			buildSettings = {
				ALWAYS_SEARCH_USER_PATHS = NO;
				CLANG_ANALYZER_NONNULL = YES;
				CLANG_CXX_LANGUAGE_STANDARD = "gnu++0x";
				CLANG_CXX_LIBRARY = "libc++";
				CLANG_ENABLE_MODULES = YES;
				CLANG_ENABLE_OBJC_ARC = YES;
				CLANG_WARN_BOOL_CONVERSION = YES;
				CLANG_WARN_CONSTANT_CONVERSION = YES;
				CLANG_WARN_DIRECT_OBJC_ISA_USAGE = YES_ERROR;
				CLANG_WARN_EMPTY_BODY = YES;
				CLANG_WARN_ENUM_CONVERSION = YES;
				CLANG_WARN_INT_CONVERSION = YES;
				CLANG_WARN_OBJC_ROOT_CLASS = YES_ERROR;
				CLANG_WARN_UNREACHABLE_CODE = YES;
				CLANG_WARN__DUPLICATE_METHOD_MATCH = YES;
				"CODE_SIGN_IDENTITY[sdk=iphoneos*]" = "iPhone Developer";
				COPY_PHASE_STRIP = NO;
				DEBUG_INFORMATION_FORMAT = "dwarf-with-dsym";
				ENABLE_NS_ASSERTIONS = NO;
				ENABLE_STRICT_OBJC_MSGSEND = YES;
				GCC_C_LANGUAGE_STANDARD = gnu99;
				GCC_NO_COMMON_BLOCKS = YES;
				GCC_WARN_64_TO_32_BIT_CONVERSION = YES;
				GCC_WARN_ABOUT_RETURN_TYPE = YES_ERROR;
				GCC_WARN_UNDECLARED_SELECTOR = YES;
				GCC_WARN_UNINITIALIZED_AUTOS = YES_AGGRESSIVE;
				GCC_WARN_UNUSED_FUNCTION = YES;
				GCC_WARN_UNUSED_VARIABLE = YES;
				IPHONEOS_DEPLOYMENT_TARGET = 9.3;
				MTL_ENABLE_DEBUG_INFO = NO;
				SDKROOT = iphoneos;
				TARGETED_DEVICE_FAMILY = "1,2";
				VALIDATE_PRODUCT = YES;
			};
			name = Release;
		};
		20F73A6E1E247E5000CEEBE3 /* Debug */ = {
			isa = XCBuildConfiguration;
			buildSettings = {
				ASSETCATALOG_COMPILER_APPICON_NAME = AppIcon;
				INFOPLIST_FILE = 2.1.3/Info.plist;
				LD_RUNPATH_SEARCH_PATHS = "$(inherited) @executable_path/Frameworks";
				PRODUCT_BUNDLE_IDENTIFIER = "test.--1-3";
				PRODUCT_NAME = "$(TARGET_NAME)";
			};
			name = Debug;
		};
		20F73A6F1E247E5000CEEBE3 /* Release */ = {
			isa = XCBuildConfiguration;
			buildSettings = {
				ASSETCATALOG_COMPILER_APPICON_NAME = AppIcon;
				INFOPLIST_FILE = 2.1.3/Info.plist;
				LD_RUNPATH_SEARCH_PATHS = "$(inherited) @executable_path/Frameworks";
				PRODUCT_BUNDLE_IDENTIFIER = "test.--1-3";
				PRODUCT_NAME = "$(TARGET_NAME)";
			};
			name = Release;
		};
		20F73A711E247E5000CEEBE3 /* Debug */ = {
			isa = XCBuildConfiguration;
			buildSettings = {
				BUNDLE_LOADER = "$(TEST_HOST)";
				INFOPLIST_FILE = 2.1.3Tests/Info.plist;
				LD_RUNPATH_SEARCH_PATHS = "$(inherited) @executable_path/Frameworks @loader_path/Frameworks";
				PRODUCT_BUNDLE_IDENTIFIER = "test.--1-3Tests";
				PRODUCT_NAME = "$(TARGET_NAME)";
				TEST_HOST = "$(BUILT_PRODUCTS_DIR)/2.1.3.app/2.1.3";
			};
			name = Debug;
		};
		20F73A721E247E5000CEEBE3 /* Release */ = {
			isa = XCBuildConfiguration;
			buildSettings = {
				BUNDLE_LOADER = "$(TEST_HOST)";
				INFOPLIST_FILE = 2.1.3Tests/Info.plist;
				LD_RUNPATH_SEARCH_PATHS = "$(inherited) @executable_path/Frameworks @loader_path/Frameworks";
				PRODUCT_BUNDLE_IDENTIFIER = "test.--1-3Tests";
				PRODUCT_NAME = "$(TARGET_NAME)";
				TEST_HOST = "$(BUILT_PRODUCTS_DIR)/2.1.3.app/2.1.3";
			};
			name = Release;
		};
		20F73A741E247E5000CEEBE3 /* Debug */ = {
			isa = XCBuildConfiguration;
			buildSettings = {
				INFOPLIST_FILE = 2.1.3UITests/Info.plist;
				LD_RUNPATH_SEARCH_PATHS = "$(inherited) @executable_path/Frameworks @loader_path/Frameworks";
				PRODUCT_BUNDLE_IDENTIFIER = "test.--1-3UITests";
				PRODUCT_NAME = "$(TARGET_NAME)";
				TEST_TARGET_NAME = 2.1.3;
			};
			name = Debug;
		};
		20F73A751E247E5000CEEBE3 /* Release */ = {
			isa = XCBuildConfiguration;
			buildSettings = {
				INFOPLIST_FILE = 2.1.3UITests/Info.plist;
				LD_RUNPATH_SEARCH_PATHS = "$(inherited) @executable_path/Frameworks @loader_path/Frameworks";
				PRODUCT_BUNDLE_IDENTIFIER = "test.--1-3UITests";
				PRODUCT_NAME = "$(TARGET_NAME)";
				TEST_TARGET_NAME = 2.1.3;
			};
			name = Release;
		};
/* End XCBuildConfiguration section */

/* Begin XCConfigurationList section */
		20F73A3B1E247E5000CEEBE3 /* Build configuration list for PBXProject "2.1.3" */ = {
			isa = XCConfigurationList;
			buildConfigurations = (
				20F73A6B1E247E5000CEEBE3 /* Debug */,
				20F73A6C1E247E5000CEEBE3 /* Release */,
			);
			defaultConfigurationIsVisible = 0;
			defaultConfigurationName = Release;
		};
		20F73A6D1E247E5000CEEBE3 /* Build configuration list for PBXNativeTarget "2.1.3" */ = {
			isa = XCConfigurationList;
			buildConfigurations = (
				20F73A6E1E247E5000CEEBE3 /* Debug */,
				20F73A6F1E247E5000CEEBE3 /* Release */,
			);
			defaultConfigurationIsVisible = 0;
		};
		20F73A701E247E5000CEEBE3 /* Build configuration list for PBXNativeTarget "2.1.3Tests" */ = {
			isa = XCConfigurationList;
			buildConfigurations = (
				20F73A711E247E5000CEEBE3 /* Debug */,
				20F73A721E247E5000CEEBE3 /* Release */,
			);
			defaultConfigurationIsVisible = 0;
		};
		20F73A731E247E5000CEEBE3 /* Build configuration list for PBXNativeTarget "2.1.3UITests" */ = {
			isa = XCConfigurationList;
			buildConfigurations = (
				20F73A741E247E5000CEEBE3 /* Debug */,
				20F73A751E247E5000CEEBE3 /* Release */,
			);
			defaultConfigurationIsVisible = 0;
		};
/* End XCConfigurationList section */
	};
	rootObject = 20F73A381E247E5000CEEBE3 /* Project object */;
}
